// !$*UTF8*$!
{
	archiveVersion = 1;
	classes = {
	};
	objectVersion = 46;
	objects = {

/* Begin PBXBuildFile section */
		55B25AC1C3ABE0CEB4091781 /* Pods_Profiles.framework in Frameworks */ = {isa = PBXBuildFile; fileRef = E08E5D7690E58F150B6B3785 /* Pods_Profiles.framework */; };
		5FB68B1B35BBCF9B9D999F66 /* Pods_ProfilesTests.framework in Frameworks */ = {isa = PBXBuildFile; fileRef = 9CE53FECA78892E0ECB6B73B /* Pods_ProfilesTests.framework */; };
		FA3DFFD71D9EEA760043C747 /* AppDelegate.swift in Sources */ = {isa = PBXBuildFile; fileRef = FA3DFFD61D9EEA760043C747 /* AppDelegate.swift */; };
		FA3DFFD91D9EEA760043C747 /* ViewController.swift in Sources */ = {isa = PBXBuildFile; fileRef = FA3DFFD81D9EEA760043C747 /* ViewController.swift */; };
		FA3DFFDC1D9EEA760043C747 /* Main.storyboard in Resources */ = {isa = PBXBuildFile; fileRef = FA3DFFDA1D9EEA760043C747 /* Main.storyboard */; };
		FA3DFFDE1D9EEA770043C747 /* Assets.xcassets in Resources */ = {isa = PBXBuildFile; fileRef = FA3DFFDD1D9EEA770043C747 /* Assets.xcassets */; };
		FA3DFFE11D9EEA770043C747 /* LaunchScreen.storyboard in Resources */ = {isa = PBXBuildFile; fileRef = FA3DFFDF1D9EEA770043C747 /* LaunchScreen.storyboard */; };
		FA3DFFEC1D9EEA770043C747 /* ProfilesTests.swift in Sources */ = {isa = PBXBuildFile; fileRef = FA3DFFEB1D9EEA770043C747 /* ProfilesTests.swift */; };
/* End PBXBuildFile section */

/* Begin PBXContainerItemProxy section */
		FA3DFFE81D9EEA770043C747 /* PBXContainerItemProxy */ = {
			isa = PBXContainerItemProxy;
			containerPortal = FA3DFFCB1D9EEA750043C747 /* Project object */;
			proxyType = 1;
			remoteGlobalIDString = FA3DFFD21D9EEA760043C747;
			remoteInfo = Profiles;
		};
/* End PBXContainerItemProxy section */

/* Begin PBXFileReference section */
		0B6D1E49CFB25F9E59E9A974 /* Pods-ProfilesTests.debug.xcconfig */ = {isa = PBXFileReference; includeInIndex = 1; lastKnownFileType = text.xcconfig; name = "Pods-ProfilesTests.debug.xcconfig"; path = "Pods/Target Support Files/Pods-ProfilesTests/Pods-ProfilesTests.debug.xcconfig"; sourceTree = "<group>"; };
		9CE53FECA78892E0ECB6B73B /* Pods_ProfilesTests.framework */ = {isa = PBXFileReference; explicitFileType = wrapper.framework; includeInIndex = 0; path = Pods_ProfilesTests.framework; sourceTree = BUILT_PRODUCTS_DIR; };
		B611145DBDE258BFF271ECAA /* Pods-ProfilesTests.release.xcconfig */ = {isa = PBXFileReference; includeInIndex = 1; lastKnownFileType = text.xcconfig; name = "Pods-ProfilesTests.release.xcconfig"; path = "Pods/Target Support Files/Pods-ProfilesTests/Pods-ProfilesTests.release.xcconfig"; sourceTree = "<group>"; };
		C6F77BABC7DCF203B5A462D4 /* Pods-Profiles.release.xcconfig */ = {isa = PBXFileReference; includeInIndex = 1; lastKnownFileType = text.xcconfig; name = "Pods-Profiles.release.xcconfig"; path = "Pods/Target Support Files/Pods-Profiles/Pods-Profiles.release.xcconfig"; sourceTree = "<group>"; };
		D23E589ABCA1CA8364EC6754 /* Pods-Profiles.debug.xcconfig */ = {isa = PBXFileReference; includeInIndex = 1; lastKnownFileType = text.xcconfig; name = "Pods-Profiles.debug.xcconfig"; path = "Pods/Target Support Files/Pods-Profiles/Pods-Profiles.debug.xcconfig"; sourceTree = "<group>"; };
		E08E5D7690E58F150B6B3785 /* Pods_Profiles.framework */ = {isa = PBXFileReference; explicitFileType = wrapper.framework; includeInIndex = 0; path = Pods_Profiles.framework; sourceTree = BUILT_PRODUCTS_DIR; };
		FA3DFFD31D9EEA760043C747 /* Profiles.app */ = {isa = PBXFileReference; explicitFileType = wrapper.application; includeInIndex = 0; path = Profiles.app; sourceTree = BUILT_PRODUCTS_DIR; };
		FA3DFFD61D9EEA760043C747 /* AppDelegate.swift */ = {isa = PBXFileReference; lastKnownFileType = sourcecode.swift; path = AppDelegate.swift; sourceTree = "<group>"; };
		FA3DFFD81D9EEA760043C747 /* ViewController.swift */ = {isa = PBXFileReference; lastKnownFileType = sourcecode.swift; path = ViewController.swift; sourceTree = "<group>"; };
		FA3DFFDB1D9EEA760043C747 /* Base */ = {isa = PBXFileReference; lastKnownFileType = file.storyboard; name = Base; path = Base.lproj/Main.storyboard; sourceTree = "<group>"; };
		FA3DFFDD1D9EEA770043C747 /* Assets.xcassets */ = {isa = PBXFileReference; lastKnownFileType = folder.assetcatalog; path = Assets.xcassets; sourceTree = "<group>"; };
		FA3DFFE01D9EEA770043C747 /* Base */ = {isa = PBXFileReference; lastKnownFileType = file.storyboard; name = Base; path = Base.lproj/LaunchScreen.storyboard; sourceTree = "<group>"; };
		FA3DFFE21D9EEA770043C747 /* Info.plist */ = {isa = PBXFileReference; lastKnownFileType = text.plist.xml; path = Info.plist; sourceTree = "<group>"; };
		FA3DFFE71D9EEA770043C747 /* ProfilesTests.xctest */ = {isa = PBXFileReference; explicitFileType = wrapper.cfbundle; includeInIndex = 0; path = ProfilesTests.xctest; sourceTree = BUILT_PRODUCTS_DIR; };
		FA3DFFEB1D9EEA770043C747 /* ProfilesTests.swift */ = {isa = PBXFileReference; lastKnownFileType = sourcecode.swift; path = ProfilesTests.swift; sourceTree = "<group>"; };
		FA3DFFED1D9EEA770043C747 /* Info.plist */ = {isa = PBXFileReference; lastKnownFileType = text.plist.xml; path = Info.plist; sourceTree = "<group>"; };
/* End PBXFileReference section */

/* Begin PBXFrameworksBuildPhase section */
		FA3DFFD01D9EEA760043C747 /* Frameworks */ = {
			isa = PBXFrameworksBuildPhase;
			buildActionMask = 2147483647;
			files = (
				55B25AC1C3ABE0CEB4091781 /* Pods_Profiles.framework in Frameworks */,
			);
			runOnlyForDeploymentPostprocessing = 0;
		};
		FA3DFFE41D9EEA770043C747 /* Frameworks */ = {
			isa = PBXFrameworksBuildPhase;
			buildActionMask = 2147483647;
			files = (
				5FB68B1B35BBCF9B9D999F66 /* Pods_ProfilesTests.framework in Frameworks */,
			);
			runOnlyForDeploymentPostprocessing = 0;
		};
/* End PBXFrameworksBuildPhase section */

/* Begin PBXGroup section */
		5EF2C4544F74083D8A7D53DE /* Pods */ = {
			isa = PBXGroup;
			children = (
				D23E589ABCA1CA8364EC6754 /* Pods-Profiles.debug.xcconfig */,
				C6F77BABC7DCF203B5A462D4 /* Pods-Profiles.release.xcconfig */,
				0B6D1E49CFB25F9E59E9A974 /* Pods-ProfilesTests.debug.xcconfig */,
				B611145DBDE258BFF271ECAA /* Pods-ProfilesTests.release.xcconfig */,
			);
			name = Pods;
			sourceTree = "<group>";
		};
		D3030F3670EC5BDC6571DD0D /* Frameworks */ = {
			isa = PBXGroup;
			children = (
				E08E5D7690E58F150B6B3785 /* Pods_Profiles.framework */,
				9CE53FECA78892E0ECB6B73B /* Pods_ProfilesTests.framework */,
			);
			name = Frameworks;
			sourceTree = "<group>";
		};
		FA3DFFCA1D9EEA750043C747 = {
			isa = PBXGroup;
			children = (
				FA3DFFD51D9EEA760043C747 /* Profiles */,
				FA3DFFEA1D9EEA770043C747 /* ProfilesTests */,
				FA3DFFD41D9EEA760043C747 /* Products */,
				5EF2C4544F74083D8A7D53DE /* Pods */,
				D3030F3670EC5BDC6571DD0D /* Frameworks */,
			);
			sourceTree = "<group>";
		};
		FA3DFFD41D9EEA760043C747 /* Products */ = {
			isa = PBXGroup;
			children = (
				FA3DFFD31D9EEA760043C747 /* Profiles.app */,
				FA3DFFE71D9EEA770043C747 /* ProfilesTests.xctest */,
			);
			name = Products;
			sourceTree = "<group>";
		};
		FA3DFFD51D9EEA760043C747 /* Profiles */ = {
			isa = PBXGroup;
			children = (
				FA3DFFD61D9EEA760043C747 /* AppDelegate.swift */,
				FA3DFFD81D9EEA760043C747 /* ViewController.swift */,
				FA3DFFDA1D9EEA760043C747 /* Main.storyboard */,
				FA3DFFDD1D9EEA770043C747 /* Assets.xcassets */,
				FA3DFFDF1D9EEA770043C747 /* LaunchScreen.storyboard */,
				FA3DFFE21D9EEA770043C747 /* Info.plist */,
			);
			path = Profiles;
			sourceTree = "<group>";
		};
		FA3DFFEA1D9EEA770043C747 /* ProfilesTests */ = {
			isa = PBXGroup;
			children = (
				FA3DFFEB1D9EEA770043C747 /* ProfilesTests.swift */,
				FA3DFFED1D9EEA770043C747 /* Info.plist */,
			);
			path = ProfilesTests;
			sourceTree = "<group>";
		};
/* End PBXGroup section */

/* Begin PBXNativeTarget section */
		FA3DFFD21D9EEA760043C747 /* Profiles */ = {
			isa = PBXNativeTarget;
			buildConfigurationList = FA3DFFF01D9EEA770043C747 /* Build configuration list for PBXNativeTarget "Profiles" */;
			buildPhases = (
				E983540365124FDBAC5AC3C8 /* [CP] Check Pods Manifest.lock */,
				FA3DFFCF1D9EEA760043C747 /* Sources */,
				FA3DFFD01D9EEA760043C747 /* Frameworks */,
				FA3DFFD11D9EEA760043C747 /* Resources */,
				27D95FF13DA4D0E0D7AB6950 /* [CP] Embed Pods Frameworks */,
				4BB3E71D208EC555145D69A1 /* [CP] Copy Pods Resources */,
			);
			buildRules = (
			);
			dependencies = (
			);
			name = Profiles;
			productName = Profiles;
			productReference = FA3DFFD31D9EEA760043C747 /* Profiles.app */;
			productType = "com.apple.product-type.application";
		};
		FA3DFFE61D9EEA770043C747 /* ProfilesTests */ = {
			isa = PBXNativeTarget;
			buildConfigurationList = FA3DFFF31D9EEA770043C747 /* Build configuration list for PBXNativeTarget "ProfilesTests" */;
			buildPhases = (
				602FED3D94A3EFA96CBFD09E /* [CP] Check Pods Manifest.lock */,
				FA3DFFE31D9EEA770043C747 /* Sources */,
				FA3DFFE41D9EEA770043C747 /* Frameworks */,
				FA3DFFE51D9EEA770043C747 /* Resources */,
				B9FB10892F0B7E69BF57EA1B /* [CP] Embed Pods Frameworks */,
				E15A8B7220FB49C3C69BC23A /* [CP] Copy Pods Resources */,
			);
			buildRules = (
			);
			dependencies = (
				FA3DFFE91D9EEA770043C747 /* PBXTargetDependency */,
			);
			name = ProfilesTests;
			productName = ProfilesTests;
			productReference = FA3DFFE71D9EEA770043C747 /* ProfilesTests.xctest */;
			productType = "com.apple.product-type.bundle.unit-test";
		};
/* End PBXNativeTarget section */

/* Begin PBXProject section */
		FA3DFFCB1D9EEA750043C747 /* Project object */ = {
			isa = PBXProject;
			attributes = {
				LastSwiftUpdateCheck = 0800;
				LastUpgradeCheck = 0800;
				ORGANIZATIONNAME = inventive;
				TargetAttributes = {
					FA3DFFD21D9EEA760043C747 = {
						CreatedOnToolsVersion = 8.0;
						DevelopmentTeam = 2EFS38EXZ3;
						ProvisioningStyle = Automatic;
					};
					FA3DFFE61D9EEA770043C747 = {
						CreatedOnToolsVersion = 8.0;
						ProvisioningStyle = Automatic;
						TestTargetID = FA3DFFD21D9EEA760043C747;
					};
				};
			};
			buildConfigurationList = FA3DFFCE1D9EEA750043C747 /* Build configuration list for PBXProject "Profiles" */;
			compatibilityVersion = "Xcode 3.2";
			developmentRegion = English;
			hasScannedForEncodings = 0;
			knownRegions = (
				en,
				Base,
			);
			mainGroup = FA3DFFCA1D9EEA750043C747;
			productRefGroup = FA3DFFD41D9EEA760043C747 /* Products */;
			projectDirPath = "";
			projectRoot = "";
			targets = (
				FA3DFFD21D9EEA760043C747 /* Profiles */,
				FA3DFFE61D9EEA770043C747 /* ProfilesTests */,
			);
		};
/* End PBXProject section */

/* Begin PBXResourcesBuildPhase section */
		FA3DFFD11D9EEA760043C747 /* Resources */ = {
			isa = PBXResourcesBuildPhase;
			buildActionMask = 2147483647;
			files = (
				FA3DFFE11D9EEA770043C747 /* LaunchScreen.storyboard in Resources */,
				FA3DFFDE1D9EEA770043C747 /* Assets.xcassets in Resources */,
				FA3DFFDC1D9EEA760043C747 /* Main.storyboard in Resources */,
			);
			runOnlyForDeploymentPostprocessing = 0;
		};
		FA3DFFE51D9EEA770043C747 /* Resources */ = {
			isa = PBXResourcesBuildPhase;
			buildActionMask = 2147483647;
			files = (
			);
			runOnlyForDeploymentPostprocessing = 0;
		};
/* End PBXResourcesBuildPhase section */

/* Begin PBXShellScriptBuildPhase section */
		27D95FF13DA4D0E0D7AB6950 /* [CP] Embed Pods Frameworks */ = {
			isa = PBXShellScriptBuildPhase;
			buildActionMask = 2147483647;
			files = (
			);
			inputPaths = (
			);
			name = "[CP] Embed Pods Frameworks";
			outputPaths = (
			);
			runOnlyForDeploymentPostprocessing = 0;
			shellPath = /bin/sh;
			shellScript = "\"${SRCROOT}/Pods/Target Support Files/Pods-Profiles/Pods-Profiles-frameworks.sh\"\n";
			showEnvVarsInLog = 0;
		};
		4BB3E71D208EC555145D69A1 /* [CP] Copy Pods Resources */ = {
			isa = PBXShellScriptBuildPhase;
			buildActionMask = 2147483647;
			files = (
			);
			inputPaths = (
			);
			name = "[CP] Copy Pods Resources";
			outputPaths = (
			);
			runOnlyForDeploymentPostprocessing = 0;
			shellPath = /bin/sh;
			shellScript = "\"${SRCROOT}/Pods/Target Support Files/Pods-Profiles/Pods-Profiles-resources.sh\"\n";
			showEnvVarsInLog = 0;
		};
		602FED3D94A3EFA96CBFD09E /* [CP] Check Pods Manifest.lock */ = {
			isa = PBXShellScriptBuildPhase;
			buildActionMask = 2147483647;
			files = (
			);
			inputPaths = (
			);
			name = "[CP] Check Pods Manifest.lock";
			outputPaths = (
			);
			runOnlyForDeploymentPostprocessing = 0;
			shellPath = /bin/sh;
			shellScript = "diff \"${PODS_ROOT}/../Podfile.lock\" \"${PODS_ROOT}/Manifest.lock\" > /dev/null\nif [[ $? != 0 ]] ; then\n    cat << EOM\nerror: The sandbox is not in sync with the Podfile.lock. Run 'pod install' or update your CocoaPods installation.\nEOM\n    exit 1\nfi\n";
			showEnvVarsInLog = 0;
		};
		B9FB10892F0B7E69BF57EA1B /* [CP] Embed Pods Frameworks */ = {
			isa = PBXShellScriptBuildPhase;
			buildActionMask = 2147483647;
			files = (
			);
			inputPaths = (
			);
			name = "[CP] Embed Pods Frameworks";
			outputPaths = (
			);
			runOnlyForDeploymentPostprocessing = 0;
			shellPath = /bin/sh;
			shellScript = "\"${SRCROOT}/Pods/Target Support Files/Pods-ProfilesTests/Pods-ProfilesTests-frameworks.sh\"\n";
			showEnvVarsInLog = 0;
		};
		E15A8B7220FB49C3C69BC23A /* [CP] Copy Pods Resources */ = {
			isa = PBXShellScriptBuildPhase;
			buildActionMask = 2147483647;
			files = (
			);
			inputPaths = (
			);
			name = "[CP] Copy Pods Resources";
			outputPaths = (
			);
			runOnlyForDeploymentPostprocessing = 0;
			shellPath = /bin/sh;
			shellScript = "\"${SRCROOT}/Pods/Target Support Files/Pods-ProfilesTests/Pods-ProfilesTests-resources.sh\"\n";
			showEnvVarsInLog = 0;
		};
		E983540365124FDBAC5AC3C8 /* [CP] Check Pods Manifest.lock */ = {
			isa = PBXShellScriptBuildPhase;
			buildActionMask = 2147483647;
			files = (
			);
			inputPaths = (
			);
			name = "[CP] Check Pods Manifest.lock";
			outputPaths = (
			);
			runOnlyForDeploymentPostprocessing = 0;
			shellPath = /bin/sh;
			shellScript = "diff \"${PODS_ROOT}/../Podfile.lock\" \"${PODS_ROOT}/Manifest.lock\" > /dev/null\nif [[ $? != 0 ]] ; then\n    cat << EOM\nerror: The sandbox is not in sync with the Podfile.lock. Run 'pod install' or update your CocoaPods installation.\nEOM\n    exit 1\nfi\n";
			showEnvVarsInLog = 0;
		};
/* End PBXShellScriptBuildPhase section */

/* Begin PBXSourcesBuildPhase section */
		FA3DFFCF1D9EEA760043C747 /* Sources */ = {
			isa = PBXSourcesBuildPhase;
			buildActionMask = 2147483647;
			files = (
				FA3DFFD91D9EEA760043C747 /* ViewController.swift in Sources */,
				FA3DFFD71D9EEA760043C747 /* AppDelegate.swift in Sources */,
			);
			runOnlyForDeploymentPostprocessing = 0;
		};
		FA3DFFE31D9EEA770043C747 /* Sources */ = {
			isa = PBXSourcesBuildPhase;
			buildActionMask = 2147483647;
			files = (
				FA3DFFEC1D9EEA770043C747 /* ProfilesTests.swift in Sources */,
			);
			runOnlyForDeploymentPostprocessing = 0;
		};
/* End PBXSourcesBuildPhase section */

/* Begin PBXTargetDependency section */
		FA3DFFE91D9EEA770043C747 /* PBXTargetDependency */ = {
			isa = PBXTargetDependency;
			target = FA3DFFD21D9EEA760043C747 /* Profiles */;
			targetProxy = FA3DFFE81D9EEA770043C747 /* PBXContainerItemProxy */;
		};
/* End PBXTargetDependency section */

/* Begin PBXVariantGroup section */
		FA3DFFDA1D9EEA760043C747 /* Main.storyboard */ = {
			isa = PBXVariantGroup;
			children = (
				FA3DFFDB1D9EEA760043C747 /* Base */,
			);
			name = Main.storyboard;
			sourceTree = "<group>";
		};
		FA3DFFDF1D9EEA770043C747 /* LaunchScreen.storyboard */ = {
			isa = PBXVariantGroup;
			children = (
				FA3DFFE01D9EEA770043C747 /* Base */,
			);
			name = LaunchScreen.storyboard;
			sourceTree = "<group>";
		};
/* End PBXVariantGroup section */

/* Begin XCBuildConfiguration section */
		FA3DFFEE1D9EEA770043C747 /* Debug */ = {
			isa = XCBuildConfiguration;
			buildSettings = {
				ALWAYS_SEARCH_USER_PATHS = NO;
				CLANG_ANALYZER_NONNULL = YES;
				CLANG_CXX_LANGUAGE_STANDARD = "gnu++0x";
				CLANG_CXX_LIBRARY = "libc++";
				CLANG_ENABLE_MODULES = YES;
				CLANG_ENABLE_OBJC_ARC = YES;
				CLANG_WARN_BOOL_CONVERSION = YES;
				CLANG_WARN_CONSTANT_CONVERSION = YES;
				CLANG_WARN_DIRECT_OBJC_ISA_USAGE = YES_ERROR;
				CLANG_WARN_DOCUMENTATION_COMMENTS = YES;
				CLANG_WARN_EMPTY_BODY = YES;
				CLANG_WARN_ENUM_CONVERSION = YES;
				CLANG_WARN_INFINITE_RECURSION = YES;
				CLANG_WARN_INT_CONVERSION = YES;
				CLANG_WARN_OBJC_ROOT_CLASS = YES_ERROR;
				CLANG_WARN_SUSPICIOUS_MOVES = YES;
				CLANG_WARN_UNREACHABLE_CODE = YES;
				CLANG_WARN__DUPLICATE_METHOD_MATCH = YES;
				"CODE_SIGN_IDENTITY[sdk=iphoneos*]" = "iPhone Developer";
				COPY_PHASE_STRIP = NO;
				DEBUG_INFORMATION_FORMAT = dwarf;
				ENABLE_STRICT_OBJC_MSGSEND = YES;
				ENABLE_TESTABILITY = YES;
				GCC_C_LANGUAGE_STANDARD = gnu99;
				GCC_DYNAMIC_NO_PIC = NO;
				GCC_NO_COMMON_BLOCKS = YES;
				GCC_OPTIMIZATION_LEVEL = 0;
				GCC_PREPROCESSOR_DEFINITIONS = (
					"DEBUG=1",
					"$(inherited)",
				);
				GCC_WARN_64_TO_32_BIT_CONVERSION = YES;
				GCC_WARN_ABOUT_RETURN_TYPE = YES_ERROR;
				GCC_WARN_UNDECLARED_SELECTOR = YES;
				GCC_WARN_UNINITIALIZED_AUTOS = YES_AGGRESSIVE;
				GCC_WARN_UNUSED_FUNCTION = YES;
				GCC_WARN_UNUSED_VARIABLE = YES;
				IPHONEOS_DEPLOYMENT_TARGET = 10.0;
				MTL_ENABLE_DEBUG_INFO = YES;
				ONLY_ACTIVE_ARCH = YES;
				SDKROOT = iphoneos;
				SWIFT_ACTIVE_COMPILATION_CONDITIONS = DEBUG;
				SWIFT_OPTIMIZATION_LEVEL = "-Onone";
			};
			name = Debug;
		};
		FA3DFFEF1D9EEA770043C747 /* Release */ = {
			isa = XCBuildConfiguration;
			buildSettings = {
				ALWAYS_SEARCH_USER_PATHS = NO;
				CLANG_ANALYZER_NONNULL = YES;
				CLANG_CXX_LANGUAGE_STANDARD = "gnu++0x";
				CLANG_CXX_LIBRARY = "libc++";
				CLANG_ENABLE_MODULES = YES;
				CLANG_ENABLE_OBJC_ARC = YES;
				CLANG_WARN_BOOL_CONVERSION = YES;
				CLANG_WARN_CONSTANT_CONVERSION = YES;
				CLANG_WARN_DIRECT_OBJC_ISA_USAGE = YES_ERROR;
				CLANG_WARN_DOCUMENTATION_COMMENTS = YES;
				CLANG_WARN_EMPTY_BODY = YES;
				CLANG_WARN_ENUM_CONVERSION = YES;
				CLANG_WARN_INFINITE_RECURSION = YES;
				CLANG_WARN_INT_CONVERSION = YES;
				CLANG_WARN_OBJC_ROOT_CLASS = YES_ERROR;
				CLANG_WARN_SUSPICIOUS_MOVES = YES;
				CLANG_WARN_UNREACHABLE_CODE = YES;
				CLANG_WARN__DUPLICATE_METHOD_MATCH = YES;
				"CODE_SIGN_IDENTITY[sdk=iphoneos*]" = "iPhone Developer";
				COPY_PHASE_STRIP = NO;
				DEBUG_INFORMATION_FORMAT = "dwarf-with-dsym";
				ENABLE_NS_ASSERTIONS = NO;
				ENABLE_STRICT_OBJC_MSGSEND = YES;
				GCC_C_LANGUAGE_STANDARD = gnu99;
				GCC_NO_COMMON_BLOCKS = YES;
				GCC_WARN_64_TO_32_BIT_CONVERSION = YES;
				GCC_WARN_ABOUT_RETURN_TYPE = YES_ERROR;
				GCC_WARN_UNDECLARED_SELECTOR = YES;
				GCC_WARN_UNINITIALIZED_AUTOS = YES_AGGRESSIVE;
				GCC_WARN_UNUSED_FUNCTION = YES;
				GCC_WARN_UNUSED_VARIABLE = YES;
				IPHONEOS_DEPLOYMENT_TARGET = 10.0;
				MTL_ENABLE_DEBUG_INFO = NO;
				SDKROOT = iphoneos;
				SWIFT_OPTIMIZATION_LEVEL = "-Owholemodule";
				VALIDATE_PRODUCT = YES;
			};
			name = Release;
		};
		FA3DFFF11D9EEA770043C747 /* Debug */ = {
			isa = XCBuildConfiguration;
			baseConfigurationReference = D23E589ABCA1CA8364EC6754 /* Pods-Profiles.debug.xcconfig */;
			buildSettings = {
				ASSETCATALOG_COMPILER_APPICON_NAME = AppIcon;
				DEVELOPMENT_TEAM = 2EFS38EXZ3;
				INFOPLIST_FILE = Profiles/Info.plist;
				IPHONEOS_DEPLOYMENT_TARGET = 9.3;
				LD_RUNPATH_SEARCH_PATHS = "$(inherited) @executable_path/Frameworks";
				PRODUCT_BUNDLE_IDENTIFIER = com.inventivetech.Profiles;
				PRODUCT_NAME = "$(TARGET_NAME)";
				SWIFT_VERSION = 3.0;
			};
			name = Debug;
		};
		FA3DFFF21D9EEA770043C747 /* Release */ = {
			isa = XCBuildConfiguration;
			baseConfigurationReference = C6F77BABC7DCF203B5A462D4 /* Pods-Profiles.release.xcconfig */;
			buildSettings = {
				ASSETCATALOG_COMPILER_APPICON_NAME = AppIcon;
				DEVELOPMENT_TEAM = 2EFS38EXZ3;
				INFOPLIST_FILE = Profiles/Info.plist;
				IPHONEOS_DEPLOYMENT_TARGET = 9.3;
				LD_RUNPATH_SEARCH_PATHS = "$(inherited) @executable_path/Frameworks";
				PRODUCT_BUNDLE_IDENTIFIER = com.inventivetech.Profiles;
				PRODUCT_NAME = "$(TARGET_NAME)";
				SWIFT_VERSION = 3.0;
			};
			name = Release;
		};
		FA3DFFF41D9EEA770043C747 /* Debug */ = {
			isa = XCBuildConfiguration;
			baseConfigurationReference = 0B6D1E49CFB25F9E59E9A974 /* Pods-ProfilesTests.debug.xcconfig */;
			buildSettings = {
				ALWAYS_EMBED_SWIFT_STANDARD_LIBRARIES = YES;
				BUNDLE_LOADER = "$(TEST_HOST)";
				INFOPLIST_FILE = ProfilesTests/Info.plist;
				LD_RUNPATH_SEARCH_PATHS = "$(inherited) @executable_path/Frameworks @loader_path/Frameworks";
				PRODUCT_BUNDLE_IDENTIFIER = com.inventivetech.ProfilesTests;
				PRODUCT_NAME = "$(TARGET_NAME)";
				SWIFT_VERSION = 3.0;
				TEST_HOST = "$(BUILT_PRODUCTS_DIR)/Profiles.app/Profiles";
			};
			name = Debug;
		};
		FA3DFFF51D9EEA770043C747 /* Release */ = {
			isa = XCBuildConfiguration;
			baseConfigurationReference = B611145DBDE258BFF271ECAA /* Pods-ProfilesTests.release.xcconfig */;
			buildSettings = {
				ALWAYS_EMBED_SWIFT_STANDARD_LIBRARIES = YES;
				BUNDLE_LOADER = "$(TEST_HOST)";
				INFOPLIST_FILE = ProfilesTests/Info.plist;
				LD_RUNPATH_SEARCH_PATHS = "$(inherited) @executable_path/Frameworks @loader_path/Frameworks";
				PRODUCT_BUNDLE_IDENTIFIER = com.inventivetech.ProfilesTests;
				PRODUCT_NAME = "$(TARGET_NAME)";
				SWIFT_VERSION = 3.0;
				TEST_HOST = "$(BUILT_PRODUCTS_DIR)/Profiles.app/Profiles";
			};
			name = Release;
		};
/* End XCBuildConfiguration section */

/* Begin XCConfigurationList section */
		FA3DFFCE1D9EEA750043C747 /* Build configuration list for PBXProject "Profiles" */ = {
			isa = XCConfigurationList;
			buildConfigurations = (
				FA3DFFEE1D9EEA770043C747 /* Debug */,
				FA3DFFEF1D9EEA770043C747 /* Release */,
			);
			defaultConfigurationIsVisible = 0;
			defaultConfigurationName = Release;
		};
		FA3DFFF01D9EEA770043C747 /* Build configuration list for PBXNativeTarget "Profiles" */ = {
			isa = XCConfigurationList;
			buildConfigurations = (
				FA3DFFF11D9EEA770043C747 /* Debug */,
				FA3DFFF21D9EEA770043C747 /* Release */,
			);
			defaultConfigurationIsVisible = 0;
			defaultConfigurationName = Release;
		};
		FA3DFFF31D9EEA770043C747 /* Build configuration list for PBXNativeTarget "ProfilesTests" */ = {
			isa = XCConfigurationList;
			buildConfigurations = (
				FA3DFFF41D9EEA770043C747 /* Debug */,
				FA3DFFF51D9EEA770043C747 /* Release */,
			);
			defaultConfigurationIsVisible = 0;
			defaultConfigurationName = Release;
		};
/* End XCConfigurationList section */
	};
	rootObject = FA3DFFCB1D9EEA750043C747 /* Project object */;
}
